
Microsoft Visual Studio Solution File, Format Version 12.00
# Visual Studio Version 17
VisualStudioVersion = 17.14.37411.7
MinimumVisualStudioVersion = 10.0.40219.1
Project("{FAE04EC0-301F-11D3-BF4B-00C04F79EFBC}") = "BlazorWasmCalculator", "BlazorWasmCalculator\BlazorWasmCalculator.csproj", "{03055EB9-A9D9-4422-B001-5DE50E777B9F}"
EndProject
Global
	GlobalSection(SolutionConfigurationPlatforms) = preSolution
		Debug|Any CPU = Debug|Any CPU
		Release|Any CPU = Release|Any CPU
	EndGlobalSection
	GlobalSection(ProjectConfigurationPlatforms) = postSolution
		{03055EB9-A9D9-4422-B001-5DE50E777B9F}.Debug|Any CPU.ActiveCfg = Debug|Any CPU
		{03055EB9-A9D9-4422-B001-5DE50E777B9F}.Debug|Any CPU.Build.0 = Debug|Any CPU
		{03055EB9-A9D9-4422-B001-5DE50E777B9F}.Release|Any CPU.ActiveCfg = Release|Any CPU
		{03055EB9-A9D9-4422-B001-5DE50E777B9F}.Release|Any CPU.Build.0 = Release|Any CPU
	EndGlobalSection
	GlobalSection(SolutionProperties) = preSolution
		HideSolutionNode = FALSE
	EndGlobalSection
	GlobalSection(ExtensibilityGlobals) = postSolution
		SolutionGuid = {08FF1705-97C2-461B-A354-F05124C426B7}
	EndGlobalSection
EndGlobal
